
Microsoft Visual Studio Solution File, Format Version 12.00
# Visual Studio Version 17
VisualStudioVersion = 17.4.33110.190
MinimumVisualStudioVersion = 10.0.40219.1
Project("{FAE04EC0-301F-11D3-BF4B-00C04F79EFBC}") = "calculator", "calculator\calculator.csproj", "{F4CF5BFE-39E9-4B09-99C3-202CC2F12F64}"
EndProject
Global
	GlobalSection(SolutionConfigurationPlatforms) = preSolution
		Debug|Any CPU = Debug|Any CPU
		Release|Any CPU = Release|Any CPU
	EndGlobalSection
	GlobalSection(ProjectConfigurationPlatforms) = postSolution
		{F4CF5BFE-39E9-4B09-99C3-202CC2F12F64}.Debug|Any CPU.ActiveCfg = Debug|Any CPU
		{F4CF5BFE-39E9-4B09-99C3-202CC2F12F64}.Debug|Any CPU.Build.0 = Debug|Any CPU
		{F4CF5BFE-39E9-4B09-99C3-202CC2F12F64}.Release|Any CPU.ActiveCfg = Release|Any CPU
		{F4CF5BFE-39E9-4B09-99C3-202CC2F12F64}.Release|Any CPU.Build.0 = Release|Any CPU
	EndGlobalSection
	GlobalSection(SolutionProperties) = preSolution
		HideSolutionNode = FALSE
	EndGlobalSection
	GlobalSection(ExtensibilityGlobals) = postSolution
		SolutionGuid = {E9556B43-F45C-4E57-8B92-637BAE6C012C}
	EndGlobalSection
EndGlobal
